<?xml version="1.0" encoding="UTF-8" standalone="yes" ?>
<CodeBlocks_project_file>
	<FileVersion major="1" minor="6" />
	<Project>
		<Option title="PrototipoEFP12024" />
		<Option pch_mode="2" />
		<Option compiler="gcc" />
		<Build>
			<Target title="Debug">
				<Option output="bin/Debug/PrototipoEFP12024" prefix_auto="1" extension_auto="1" />
				<Option object_output="obj/Debug/" />
				<Option type="1" />
				<Option compiler="gcc" />
				<Compiler>
					<Add option="-g" />
					<Add directory="include" />
				</Compiler>
			</Target>
			<Target title="Release">
				<Option output="bin/Release/PrototipoEFP12024" prefix_auto="1" extension_auto="1" />
				<Option object_output="obj/Release/" />
				<Option type="1" />
				<Option compiler="gcc" />
				<Compiler>
					<Add option="-O2" />
					<Add directory="include" />
				</Compiler>
				<Linker>
					<Add option="-s" />
				</Linker>
			</Target>
		</Build>
		<Compiler>
			<Add option="-Wall" />
			<Add option="-fexceptions" />
		</Compiler>
		<Unit filename="include/Altas.h" />
		<Unit filename="include/Bajas.h" />
		<Unit filename="include/Bitacora.h" />
		<Unit filename="include/Consultas.h" />
		<Unit filename="include/Login.h" />
		<Unit filename="include/Modificaciones.h" />
		<Unit filename="include/seguridad.h" />
		<Unit filename="main.cpp" />
		<Unit filename="src/Altas.cpp" />
		<Unit filename="src/Bajas.cpp" />
		<Unit filename="src/Bitacora.cpp" />
		<Unit filename="src/Consultas.cpp" />
		<Unit filename="src/Login.cpp" />
		<Unit filename="src/Modificaciones.cpp" />
		<Unit filename="src/seguridad.cpp" />
		<Extensions />
	</Project>
</CodeBlocks_project_file>
